// !$*UTF8*$!
{
	archiveVersion = 1;
	classes = {
	};
	objectVersion = 46;
	objects = {

/* Begin PBXBuildFile section */
		E20CC52F187C447E00AAA3DA /* MONEAT.h in Headers */ = {isa = PBXBuildFile; fileRef = E20CC52D187C447E00AAA3DA /* MONEAT.h */; settings = {ATTRIBUTES = (Public, ); }; };
		E21362741881D83000A8DCF1 /* NBUtils.cpp in Sources */ = {isa = PBXBuildFile; fileRef = E21362721881D83000A8DCF1 /* NBUtils.cpp */; };
		E21362751881D83000A8DCF1 /* NBUtils.h in Headers */ = {isa = PBXBuildFile; fileRef = E21362731881D83000A8DCF1 /* NBUtils.h */; };
		E249A5EE187E154D009DFEBA /* main.cpp in Sources */ = {isa = PBXBuildFile; fileRef = E249A5ED187E154D009DFEBA /* main.cpp */; };
		E249A5F0187E154D009DFEBA /* NeatBoxTest.1 in CopyFiles */ = {isa = PBXBuildFile; fileRef = E249A5EF187E154D009DFEBA /* NeatBoxTest.1 */; };
		E249A5F4187E155D009DFEBA /* NEATBox.dylib in Frameworks */ = {isa = PBXBuildFile; fileRef = E20CC51B187C445500AAA3DA /* NEATBox.dylib */; };
		E249A5F5187E5206009DFEBA /* MONEAT.cpp in Sources */ = {isa = PBXBuildFile; fileRef = E20CC52C187C447E00AAA3DA /* MONEAT.cpp */; };
		E249A5F71880422E009DFEBA /* BasicNN.cpp in Sources */ = {isa = PBXBuildFile; fileRef = E20CC533187C544100AAA3DA /* BasicNN.cpp */; };
		E249A5F818804234009DFEBA /* ExampleGoals.cpp in Sources */ = {isa = PBXBuildFile; fileRef = E20CC537187C612C00AAA3DA /* ExampleGoals.cpp */; };
		E249A5FA1880426B009DFEBA /* ExampleRun.cpp in Sources */ = {isa = PBXBuildFile; fileRef = E20CC53B187C621B00AAA3DA /* ExampleRun.cpp */; };
		E26BA30818ADA01C00DFA8DB /* NEATBox.h in Headers */ = {isa = PBXBuildFile; fileRef = E26BA30718ADA01C00DFA8DB /* NEATBox.h */; settings = {ATTRIBUTES = (Public, ); }; };
		E26BA30C18ADA7B900DFA8DB /* LayeredNN.cpp in Sources */ = {isa = PBXBuildFile; fileRef = E26BA30A18ADA7B900DFA8DB /* LayeredNN.cpp */; };
		E26BA30E18ADB0FC00DFA8DB /* NNCommon.cpp in Sources */ = {isa = PBXBuildFile; fileRef = E26BA30D18ADB0FC00DFA8DB /* NNCommon.cpp */; };
		E2B6CED218A9D85200691C9B /* BaseNEAT.h in Headers */ = {isa = PBXBuildFile; fileRef = E2B6CED118A9D84800691C9B /* BaseNEAT.h */; settings = {ATTRIBUTES = (Public, ); }; };
		E2B6CED418A9D92300691C9B /* BaseNEAT.cpp in Sources */ = {isa = PBXBuildFile; fileRef = E2B6CED318A9D92300691C9B /* BaseNEAT.cpp */; };
		E2B6CED518A9E1E500691C9B /* MNIndividual.h in Headers */ = {isa = PBXBuildFile; fileRef = E2FF67B718A04D4400DA0490 /* MNIndividual.h */; settings = {ATTRIBUTES = (Public, ); }; };
		E2B6CED618A9E1EA00691C9B /* MNEdge.h in Headers */ = {isa = PBXBuildFile; fileRef = E2FF67B818A0537D00DA0490 /* MNEdge.h */; settings = {ATTRIBUTES = (Public, ); }; };
		E2E6B2E818A7FF46003AC5CB /* SPaNEAT.cpp in Sources */ = {isa = PBXBuildFile; fileRef = E2E6B2E618A7FF46003AC5CB /* SPaNEAT.cpp */; };
		E2E6B2E918A7FF46003AC5CB /* SPaNEAT.h in Headers */ = {isa = PBXBuildFile; fileRef = E2E6B2E718A7FF46003AC5CB /* SPaNEAT.h */; settings = {ATTRIBUTES = (Public, ); }; };
		E2E6B2EB18A7FFA6003AC5CB /* NEATCommon.h in Headers */ = {isa = PBXBuildFile; fileRef = E2E6B2EA18A7FF94003AC5CB /* NEATCommon.h */; };
/* End PBXBuildFile section */

/* Begin PBXCopyFilesBuildPhase section */
		E249A5E9187E154D009DFEBA /* CopyFiles */ = {
			isa = PBXCopyFilesBuildPhase;
			buildActionMask = 2147483647;
			dstPath = /usr/share/man/man1/;
			dstSubfolderSpec = 0;
			files = (
				E249A5F0187E154D009DFEBA /* NeatBoxTest.1 in CopyFiles */,
			);
			runOnlyForDeploymentPostprocessing = 1;
		};
/* End PBXCopyFilesBuildPhase section */

/* Begin PBXFileReference section */
		E20CC51B187C445500AAA3DA /* NEATBox.dylib */ = {isa = PBXFileReference; explicitFileType = "compiled.mach-o.dylib"; includeInIndex = 0; path = NEATBox.dylib; sourceTree = BUILT_PRODUCTS_DIR; };
		E20CC51F187C445500AAA3DA /* NEATBox-Prefix.pch */ = {isa = PBXFileReference; lastKnownFileType = sourcecode.c.h; path = "NEATBox-Prefix.pch"; sourceTree = "<group>"; };
		E20CC520187C445500AAA3DA /* NEATBoxProj.xcconfig */ = {isa = PBXFileReference; lastKnownFileType = text.xcconfig; path = NEATBoxProj.xcconfig; sourceTree = "<group>"; };
		E20CC521187C445500AAA3DA /* NEATBoxTarget.xcconfig */ = {isa = PBXFileReference; lastKnownFileType = text.xcconfig; path = NEATBoxTarget.xcconfig; sourceTree = "<group>"; };
		E20CC52C187C447E00AAA3DA /* MONEAT.cpp */ = {isa = PBXFileReference; fileEncoding = 4; lastKnownFileType = sourcecode.cpp.cpp; path = MONEAT.cpp; sourceTree = "<group>"; };
		E20CC52D187C447E00AAA3DA /* MONEAT.h */ = {isa = PBXFileReference; fileEncoding = 4; lastKnownFileType = sourcecode.c.h; path = MONEAT.h; sourceTree = "<group>"; };
		E20CC533187C544100AAA3DA /* BasicNN.cpp */ = {isa = PBXFileReference; fileEncoding = 4; lastKnownFileType = sourcecode.cpp.cpp; path = BasicNN.cpp; sourceTree = "<group>"; };
		E20CC534187C544100AAA3DA /* BasicNN.h */ = {isa = PBXFileReference; fileEncoding = 4; lastKnownFileType = sourcecode.c.h; path = BasicNN.h; sourceTree = "<group>"; };
		E20CC537187C612C00AAA3DA /* ExampleGoals.cpp */ = {isa = PBXFileReference; fileEncoding = 4; lastKnownFileType = sourcecode.cpp.cpp; name = ExampleGoals.cpp; path = ../NEATBox/ExampleGoals.cpp; sourceTree = "<group>"; };
		E20CC538187C612C00AAA3DA /* ExampleGoals.h */ = {isa = PBXFileReference; fileEncoding = 4; lastKnownFileType = sourcecode.c.h; name = ExampleGoals.h; path = ../NEATBox/ExampleGoals.h; sourceTree = "<group>"; };
		E20CC53B187C621B00AAA3DA /* ExampleRun.cpp */ = {isa = PBXFileReference; fileEncoding = 4; lastKnownFileType = sourcecode.cpp.cpp; name = ExampleRun.cpp; path = ../NEATBox/ExampleRun.cpp; sourceTree = "<group>"; };
		E20CC53C187C621B00AAA3DA /* ExampleRun.h */ = {isa = PBXFileReference; fileEncoding = 4; lastKnownFileType = sourcecode.c.h; name = ExampleRun.h; path = ../NEATBox/ExampleRun.h; sourceTree = "<group>"; };
		E21362721881D83000A8DCF1 /* NBUtils.cpp */ = {isa = PBXFileReference; fileEncoding = 4; lastKnownFileType = sourcecode.cpp.cpp; path = NBUtils.cpp; sourceTree = "<group>"; };
		E21362731881D83000A8DCF1 /* NBUtils.h */ = {isa = PBXFileReference; fileEncoding = 4; lastKnownFileType = sourcecode.c.h; path = NBUtils.h; sourceTree = "<group>"; };
		E249A5EB187E154D009DFEBA /* NeatBoxTest */ = {isa = PBXFileReference; explicitFileType = "compiled.mach-o.executable"; includeInIndex = 0; path = NeatBoxTest; sourceTree = BUILT_PRODUCTS_DIR; };
		E249A5ED187E154D009DFEBA /* main.cpp */ = {isa = PBXFileReference; lastKnownFileType = sourcecode.cpp.cpp; path = main.cpp; sourceTree = "<group>"; };
		E249A5EF187E154D009DFEBA /* NeatBoxTest.1 */ = {isa = PBXFileReference; lastKnownFileType = text.man; path = NeatBoxTest.1; sourceTree = "<group>"; };
		E26BA30718ADA01C00DFA8DB /* NEATBox.h */ = {isa = PBXFileReference; fileEncoding = 4; lastKnownFileType = sourcecode.c.h; path = NEATBox.h; sourceTree = "<group>"; };
		E26BA30918ADA77F00DFA8DB /* NNCommon.h */ = {isa = PBXFileReference; lastKnownFileType = sourcecode.c.h; path = NNCommon.h; sourceTree = "<group>"; };
		E26BA30A18ADA7B900DFA8DB /* LayeredNN.cpp */ = {isa = PBXFileReference; fileEncoding = 4; lastKnownFileType = sourcecode.cpp.cpp; path = LayeredNN.cpp; sourceTree = "<group>"; };
		E26BA30B18ADA7B900DFA8DB /* LayeredNN.h */ = {isa = PBXFileReference; fileEncoding = 4; lastKnownFileType = sourcecode.c.h; path = LayeredNN.h; sourceTree = "<group>"; };
		E26BA30D18ADB0FC00DFA8DB /* NNCommon.cpp */ = {isa = PBXFileReference; fileEncoding = 4; lastKnownFileType = sourcecode.cpp.cpp; path = NNCommon.cpp; sourceTree = "<group>"; };
		E2B6CED118A9D84800691C9B /* BaseNEAT.h */ = {isa = PBXFileReference; lastKnownFileType = sourcecode.c.h; path = BaseNEAT.h; sourceTree = "<group>"; };
		E2B6CED318A9D92300691C9B /* BaseNEAT.cpp */ = {isa = PBXFileReference; fileEncoding = 4; lastKnownFileType = sourcecode.cpp.cpp; path = BaseNEAT.cpp; sourceTree = "<group>"; };
		E2E6B2E618A7FF46003AC5CB /* SPaNEAT.cpp */ = {isa = PBXFileReference; fileEncoding = 4; lastKnownFileType = sourcecode.cpp.cpp; path = SPaNEAT.cpp; sourceTree = "<group>"; };
		E2E6B2E718A7FF46003AC5CB /* SPaNEAT.h */ = {isa = PBXFileReference; fileEncoding = 4; lastKnownFileType = sourcecode.c.h; path = SPaNEAT.h; sourceTree = "<group>"; };
		E2E6B2EA18A7FF94003AC5CB /* NEATCommon.h */ = {isa = PBXFileReference; lastKnownFileType = sourcecode.c.h; path = NEATCommon.h; sourceTree = "<group>"; };
		E2FF67B718A04D4400DA0490 /* MNIndividual.h */ = {isa = PBXFileReference; lastKnownFileType = sourcecode.c.h; path = MNIndividual.h; sourceTree = "<group>"; };
		E2FF67B818A0537D00DA0490 /* MNEdge.h */ = {isa = PBXFileReference; lastKnownFileType = sourcecode.c.h; path = MNEdge.h; sourceTree = "<group>"; };
/* End PBXFileReference section */

/* Begin PBXFrameworksBuildPhase section */
		E20CC518187C445500AAA3DA /* Frameworks */ = {
			isa = PBXFrameworksBuildPhase;
			buildActionMask = 2147483647;
			files = (
			);
			runOnlyForDeploymentPostprocessing = 0;
		};
		E249A5E8187E154D009DFEBA /* Frameworks */ = {
			isa = PBXFrameworksBuildPhase;
			buildActionMask = 2147483647;
			files = (
				E249A5F4187E155D009DFEBA /* NEATBox.dylib in Frameworks */,
			);
			runOnlyForDeploymentPostprocessing = 0;
		};
/* End PBXFrameworksBuildPhase section */

/* Begin PBXGroup section */
		E20CC512187C445500AAA3DA = {
			isa = PBXGroup;
			children = (
				E20CC51D187C445500AAA3DA /* NEATBox */,
				E249A5EC187E154D009DFEBA /* NeatBoxTest */,
				E20CC51C187C445500AAA3DA /* Products */,
			);
			sourceTree = "<group>";
		};
		E20CC51C187C445500AAA3DA /* Products */ = {
			isa = PBXGroup;
			children = (
				E20CC51B187C445500AAA3DA /* NEATBox.dylib */,
				E249A5EB187E154D009DFEBA /* NeatBoxTest */,
			);
			name = Products;
			sourceTree = "<group>";
		};
		E20CC51D187C445500AAA3DA /* NEATBox */ = {
			isa = PBXGroup;
			children = (
				E26BA30718ADA01C00DFA8DB /* NEATBox.h */,
				E21362731881D83000A8DCF1 /* NBUtils.h */,
				E21362721881D83000A8DCF1 /* NBUtils.cpp */,
				E2E6B2EA18A7FF94003AC5CB /* NEATCommon.h */,
				E20CC52B187C446800AAA3DA /* Base Algorithm */,
				E20CC520187C445500AAA3DA /* NEATBoxProj.xcconfig */,
				E20CC521187C445500AAA3DA /* NEATBoxTarget.xcconfig */,
				E20CC51E187C445500AAA3DA /* Supporting Files */,
			);
			path = NEATBox;
			sourceTree = "<group>";
		};
		E20CC51E187C445500AAA3DA /* Supporting Files */ = {
			isa = PBXGroup;
			children = (
				E20CC51F187C445500AAA3DA /* NEATBox-Prefix.pch */,
			);
			name = "Supporting Files";
			sourceTree = "<group>";
		};
		E20CC52B187C446800AAA3DA /* Base Algorithm */ = {
			isa = PBXGroup;
			children = (
				E2B6CED118A9D84800691C9B /* BaseNEAT.h */,
				E2B6CED318A9D92300691C9B /* BaseNEAT.cpp */,
				E20CC52D187C447E00AAA3DA /* MONEAT.h */,
				E20CC52C187C447E00AAA3DA /* MONEAT.cpp */,
				E2FF67B718A04D4400DA0490 /* MNIndividual.h */,
				E2FF67B818A0537D00DA0490 /* MNEdge.h */,
				E2E6B2E718A7FF46003AC5CB /* SPaNEAT.h */,
				E2E6B2E618A7FF46003AC5CB /* SPaNEAT.cpp */,
			);
			name = "Base Algorithm";
			sourceTree = "<group>";
		};
		E20CC532187C531300AAA3DA /* Example Classes */ = {
			isa = PBXGroup;
			children = (
				E26BA30918ADA77F00DFA8DB /* NNCommon.h */,
				E26BA30D18ADB0FC00DFA8DB /* NNCommon.cpp */,
				E20CC534187C544100AAA3DA /* BasicNN.h */,
				E20CC533187C544100AAA3DA /* BasicNN.cpp */,
				E26BA30B18ADA7B900DFA8DB /* LayeredNN.h */,
				E26BA30A18ADA7B900DFA8DB /* LayeredNN.cpp */,
			);
			name = "Example Classes";
			path = ../NEATBox;
			sourceTree = "<group>";
		};
		E249A5EC187E154D009DFEBA /* NeatBoxTest */ = {
			isa = PBXGroup;
			children = (
				E20CC532187C531300AAA3DA /* Example Classes */,
				E20CC538187C612C00AAA3DA /* ExampleGoals.h */,
				E20CC537187C612C00AAA3DA /* ExampleGoals.cpp */,
				E20CC53C187C621B00AAA3DA /* ExampleRun.h */,
				E20CC53B187C621B00AAA3DA /* ExampleRun.cpp */,
				E249A5ED187E154D009DFEBA /* main.cpp */,
				E249A5EF187E154D009DFEBA /* NeatBoxTest.1 */,
			);
			path = NeatBoxTest;
			sourceTree = "<group>";
		};
/* End PBXGroup section */

/* Begin PBXHeadersBuildPhase section */
		E20CC519187C445500AAA3DA /* Headers */ = {
			isa = PBXHeadersBuildPhase;
			buildActionMask = 2147483647;
			files = (
				E26BA30818ADA01C00DFA8DB /* NEATBox.h in Headers */,
				E2E6B2E918A7FF46003AC5CB /* SPaNEAT.h in Headers */,
				E21362751881D83000A8DCF1 /* NBUtils.h in Headers */,
				E2B6CED518A9E1E500691C9B /* MNIndividual.h in Headers */,
				E2B6CED218A9D85200691C9B /* BaseNEAT.h in Headers */,
				E20CC52F187C447E00AAA3DA /* MONEAT.h in Headers */,
				E2B6CED618A9E1EA00691C9B /* MNEdge.h in Headers */,
				E2E6B2EB18A7FFA6003AC5CB /* NEATCommon.h in Headers */,
			);
			runOnlyForDeploymentPostprocessing = 0;
		};
/* End PBXHeadersBuildPhase section */

/* Begin PBXNativeTarget section */
		E20CC51A187C445500AAA3DA /* NEATBox */ = {
			isa = PBXNativeTarget;
			buildConfigurationList = E20CC528187C445600AAA3DA /* Build configuration list for PBXNativeTarget "NEATBox" */;
			buildPhases = (
				E20CC517187C445500AAA3DA /* Sources */,
				E20CC518187C445500AAA3DA /* Frameworks */,
				E20CC519187C445500AAA3DA /* Headers */,
			);
			buildRules = (
			);
			dependencies = (
			);
			name = NEATBox;
			productName = NEATBox;
			productReference = E20CC51B187C445500AAA3DA /* NEATBox.dylib */;
			productType = "com.apple.product-type.library.dynamic";
		};
		E249A5EA187E154D009DFEBA /* NeatBoxTest */ = {
			isa = PBXNativeTarget;
			buildConfigurationList = E249A5F1187E154D009DFEBA /* Build configuration list for PBXNativeTarget "NeatBoxTest" */;
			buildPhases = (
				E249A5E7187E154D009DFEBA /* Sources */,
				E249A5E8187E154D009DFEBA /* Frameworks */,
				E249A5E9187E154D009DFEBA /* CopyFiles */,
			);
			buildRules = (
			);
			dependencies = (
			);
			name = NeatBoxTest;
			productName = NeatBoxTest;
			productReference = E249A5EB187E154D009DFEBA /* NeatBoxTest */;
			productType = "com.apple.product-type.tool";
		};
/* End PBXNativeTarget section */

/* Begin PBXProject section */
		E20CC513187C445500AAA3DA /* Project object */ = {
			isa = PBXProject;
			attributes = {
				LastUpgradeCheck = 0500;
				ORGANIZATIONNAME = "Adeola Bannis";
			};
			buildConfigurationList = E20CC516187C445500AAA3DA /* Build configuration list for PBXProject "NEATBox" */;
			compatibilityVersion = "Xcode 3.2";
			developmentRegion = English;
			hasScannedForEncodings = 0;
			knownRegions = (
				en,
			);
			mainGroup = E20CC512187C445500AAA3DA;
			productRefGroup = E20CC51C187C445500AAA3DA /* Products */;
			projectDirPath = "";
			projectRoot = "";
			targets = (
				E20CC51A187C445500AAA3DA /* NEATBox */,
				E249A5EA187E154D009DFEBA /* NeatBoxTest */,
			);
		};
/* End PBXProject section */

/* Begin PBXSourcesBuildPhase section */
		E20CC517187C445500AAA3DA /* Sources */ = {
			isa = PBXSourcesBuildPhase;
			buildActionMask = 2147483647;
			files = (
				E2B6CED418A9D92300691C9B /* BaseNEAT.cpp in Sources */,
				E249A5F5187E5206009DFEBA /* MONEAT.cpp in Sources */,
				E21362741881D83000A8DCF1 /* NBUtils.cpp in Sources */,
				E2E6B2E818A7FF46003AC5CB /* SPaNEAT.cpp in Sources */,
			);
			runOnlyForDeploymentPostprocessing = 0;
		};
		E249A5E7187E154D009DFEBA /* Sources */ = {
			isa = PBXSourcesBuildPhase;
			buildActionMask = 2147483647;
			files = (
				E249A5FA1880426B009DFEBA /* ExampleRun.cpp in Sources */,
				E26BA30C18ADA7B900DFA8DB /* LayeredNN.cpp in Sources */,
				E249A5EE187E154D009DFEBA /* main.cpp in Sources */,
				E249A5F818804234009DFEBA /* ExampleGoals.cpp in Sources */,
				E26BA30E18ADB0FC00DFA8DB /* NNCommon.cpp in Sources */,
				E249A5F71880422E009DFEBA /* BasicNN.cpp in Sources */,
			);
			runOnlyForDeploymentPostprocessing = 0;
		};
/* End PBXSourcesBuildPhase section */

/* Begin XCBuildConfiguration section */
		E20CC526187C445600AAA3DA /* Debug */ = {
			isa = XCBuildConfiguration;
			buildSettings = {
				ALWAYS_SEARCH_USER_PATHS = NO;
				CLANG_CXX_LANGUAGE_STANDARD = "gnu++0x";
				CLANG_CXX_LIBRARY = "libc++";
				CLANG_ENABLE_OBJC_ARC = YES;
				CLANG_WARN_BOOL_CONVERSION = YES;
				CLANG_WARN_CONSTANT_CONVERSION = YES;
				CLANG_WARN_DIRECT_OBJC_ISA_USAGE = YES_ERROR;
				CLANG_WARN_EMPTY_BODY = YES;
				CLANG_WARN_ENUM_CONVERSION = YES;
				CLANG_WARN_INT_CONVERSION = YES;
				CLANG_WARN_OBJC_ROOT_CLASS = YES_ERROR;
				CLANG_WARN__DUPLICATE_METHOD_MATCH = YES;
				COPY_PHASE_STRIP = NO;
				GCC_C_LANGUAGE_STANDARD = gnu99;
				GCC_DYNAMIC_NO_PIC = NO;
				GCC_ENABLE_OBJC_EXCEPTIONS = YES;
				GCC_OPTIMIZATION_LEVEL = 0;
				GCC_PREPROCESSOR_DEFINITIONS = (
					"DEBUG=1",
					"$(inherited)",
				);
				GCC_SYMBOLS_PRIVATE_EXTERN = NO;
				GCC_WARN_64_TO_32_BIT_CONVERSION = YES;
				GCC_WARN_ABOUT_RETURN_TYPE = YES_ERROR;
				GCC_WARN_UNDECLARED_SELECTOR = YES;
				GCC_WARN_UNINITIALIZED_AUTOS = YES;
				GCC_WARN_UNUSED_FUNCTION = YES;
				GCC_WARN_UNUSED_VARIABLE = YES;
				MACOSX_DEPLOYMENT_TARGET = 10.9;
				ONLY_ACTIVE_ARCH = YES;
				SDKROOT = macosx;
			};
			name = Debug;
		};
		E20CC527187C445600AAA3DA /* Release */ = {
			isa = XCBuildConfiguration;
			buildSettings = {
				ALWAYS_SEARCH_USER_PATHS = NO;
				CLANG_CXX_LANGUAGE_STANDARD = "gnu++0x";
				CLANG_CXX_LIBRARY = "libc++";
				CLANG_ENABLE_OBJC_ARC = YES;
				CLANG_WARN_BOOL_CONVERSION = YES;
				CLANG_WARN_CONSTANT_CONVERSION = YES;
				CLANG_WARN_DIRECT_OBJC_ISA_USAGE = YES_ERROR;
				CLANG_WARN_EMPTY_BODY = YES;
				CLANG_WARN_ENUM_CONVERSION = YES;
				CLANG_WARN_INT_CONVERSION = YES;
				CLANG_WARN_OBJC_ROOT_CLASS = YES_ERROR;
				CLANG_WARN__DUPLICATE_METHOD_MATCH = YES;
				COPY_PHASE_STRIP = YES;
				DEBUG_INFORMATION_FORMAT = "dwarf-with-dsym";
				ENABLE_NS_ASSERTIONS = NO;
				GCC_C_LANGUAGE_STANDARD = gnu99;
				GCC_ENABLE_OBJC_EXCEPTIONS = YES;
				GCC_WARN_64_TO_32_BIT_CONVERSION = YES;
				GCC_WARN_ABOUT_RETURN_TYPE = YES_ERROR;
				GCC_WARN_UNDECLARED_SELECTOR = YES;
				GCC_WARN_UNINITIALIZED_AUTOS = YES;
				GCC_WARN_UNUSED_FUNCTION = YES;
				GCC_WARN_UNUSED_VARIABLE = YES;
				MACOSX_DEPLOYMENT_TARGET = 10.9;
				SDKROOT = macosx;
			};
			name = Release;
		};
		E20CC529187C445600AAA3DA /* Debug */ = {
			isa = XCBuildConfiguration;
			buildSettings = {
				PRODUCT_NAME = "$(TARGET_NAME)";
			};
			name = Debug;
		};
		E20CC52A187C445600AAA3DA /* Release */ = {
			isa = XCBuildConfiguration;
			buildSettings = {
				PRODUCT_NAME = "$(TARGET_NAME)";
			};
			name = Release;
		};
		E249A5F2187E154D009DFEBA /* Debug */ = {
			isa = XCBuildConfiguration;
			buildSettings = {
				GCC_PREPROCESSOR_DEFINITIONS = (
					"DEBUG=1",
					"$(inherited)",
				);
				PRODUCT_NAME = "$(TARGET_NAME)";
			};
			name = Debug;
		};
		E249A5F3187E154D009DFEBA /* Release */ = {
			isa = XCBuildConfiguration;
			buildSettings = {
				PRODUCT_NAME = "$(TARGET_NAME)";
			};
			name = Release;
		};
/* End XCBuildConfiguration section */

/* Begin XCConfigurationList section */
		E20CC516187C445500AAA3DA /* Build configuration list for PBXProject "NEATBox" */ = {
			isa = XCConfigurationList;
			buildConfigurations = (
				E20CC526187C445600AAA3DA /* Debug */,
				E20CC527187C445600AAA3DA /* Release */,
			);
			defaultConfigurationIsVisible = 0;
			defaultConfigurationName = Release;
		};
		E20CC528187C445600AAA3DA /* Build configuration list for PBXNativeTarget "NEATBox" */ = {
			isa = XCConfigurationList;
			buildConfigurations = (
				E20CC529187C445600AAA3DA /* Debug */,
				E20CC52A187C445600AAA3DA /* Release */,
			);
			defaultConfigurationIsVisible = 0;
			defaultConfigurationName = Release;
		};
		E249A5F1187E154D009DFEBA /* Build configuration list for PBXNativeTarget "NeatBoxTest" */ = {
			isa = XCConfigurationList;
			buildConfigurations = (
				E249A5F2187E154D009DFEBA /* Debug */,
				E249A5F3187E154D009DFEBA /* Release */,
			);
			defaultConfigurationIsVisible = 0;
			defaultConfigurationName = Release;
		};
/* End XCConfigurationList section */
	};
	rootObject = E20CC513187C445500AAA3DA /* Project object */;
}
