// !$*UTF8*$!
{
	archiveVersion = 1;
	classes = {
	};
	objectVersion = 46;
	objects = {

/* Begin PBXBuildFile section */
		E20CC52E187C447E00AAA3DA /* NEATAlgorithm.cpp in Sources */ = {isa = PBXBuildFile; fileRef = E20CC52C187C447E00AAA3DA /* NEATAlgorithm.cpp */; };
		E20CC52F187C447E00AAA3DA /* NEATAlgorithm.h in Headers */ = {isa = PBXBuildFile; fileRef = E20CC52D187C447E00AAA3DA /* NEATAlgorithm.h */; };
		E20CC535187C544100AAA3DA /* ExampleNetwork.cpp in Sources */ = {isa = PBXBuildFile; fileRef = E20CC533187C544100AAA3DA /* ExampleNetwork.cpp */; };
		E20CC536187C544100AAA3DA /* ExampleNetwork.h in Headers */ = {isa = PBXBuildFile; fileRef = E20CC534187C544100AAA3DA /* ExampleNetwork.h */; };
		E20CC539187C612C00AAA3DA /* ExampleGoals.cpp in Sources */ = {isa = PBXBuildFile; fileRef = E20CC537187C612C00AAA3DA /* ExampleGoals.cpp */; };
		E20CC53A187C612C00AAA3DA /* ExampleGoals.h in Headers */ = {isa = PBXBuildFile; fileRef = E20CC538187C612C00AAA3DA /* ExampleGoals.h */; };
		E20CC53D187C621B00AAA3DA /* ExampleRun.cpp in Sources */ = {isa = PBXBuildFile; fileRef = E20CC53B187C621B00AAA3DA /* ExampleRun.cpp */; };
		E20CC53E187C621B00AAA3DA /* ExampleRun.h in Headers */ = {isa = PBXBuildFile; fileRef = E20CC53C187C621B00AAA3DA /* ExampleRun.h */; };
/* End PBXBuildFile section */

/* Begin PBXFileReference section */
		E20CC51B187C445500AAA3DA /* NEATBox.dylib */ = {isa = PBXFileReference; explicitFileType = "compiled.mach-o.dylib"; includeInIndex = 0; path = NEATBox.dylib; sourceTree = BUILT_PRODUCTS_DIR; };
		E20CC51F187C445500AAA3DA /* NEATBox-Prefix.pch */ = {isa = PBXFileReference; lastKnownFileType = sourcecode.c.h; path = "NEATBox-Prefix.pch"; sourceTree = "<group>"; };
		E20CC520187C445500AAA3DA /* NEATBoxProj.xcconfig */ = {isa = PBXFileReference; lastKnownFileType = text.xcconfig; path = NEATBoxProj.xcconfig; sourceTree = "<group>"; };
		E20CC521187C445500AAA3DA /* NEATBoxTarget.xcconfig */ = {isa = PBXFileReference; lastKnownFileType = text.xcconfig; path = NEATBoxTarget.xcconfig; sourceTree = "<group>"; };
		E20CC52C187C447E00AAA3DA /* NEATAlgorithm.cpp */ = {isa = PBXFileReference; fileEncoding = 4; lastKnownFileType = sourcecode.cpp.cpp; path = NEATAlgorithm.cpp; sourceTree = "<group>"; };
		E20CC52D187C447E00AAA3DA /* NEATAlgorithm.h */ = {isa = PBXFileReference; fileEncoding = 4; lastKnownFileType = sourcecode.c.h; path = NEATAlgorithm.h; sourceTree = "<group>"; };
		E20CC530187C453E00AAA3DA /* NEATTypes.h */ = {isa = PBXFileReference; lastKnownFileType = sourcecode.c.h; path = NEATTypes.h; sourceTree = "<group>"; };
		E20CC533187C544100AAA3DA /* ExampleNetwork.cpp */ = {isa = PBXFileReference; fileEncoding = 4; lastKnownFileType = sourcecode.cpp.cpp; path = ExampleNetwork.cpp; sourceTree = "<group>"; };
		E20CC534187C544100AAA3DA /* ExampleNetwork.h */ = {isa = PBXFileReference; fileEncoding = 4; lastKnownFileType = sourcecode.c.h; path = ExampleNetwork.h; sourceTree = "<group>"; };
		E20CC537187C612C00AAA3DA /* ExampleGoals.cpp */ = {isa = PBXFileReference; fileEncoding = 4; lastKnownFileType = sourcecode.cpp.cpp; path = ExampleGoals.cpp; sourceTree = "<group>"; };
		E20CC538187C612C00AAA3DA /* ExampleGoals.h */ = {isa = PBXFileReference; fileEncoding = 4; lastKnownFileType = sourcecode.c.h; path = ExampleGoals.h; sourceTree = "<group>"; };
		E20CC53B187C621B00AAA3DA /* ExampleRun.cpp */ = {isa = PBXFileReference; fileEncoding = 4; lastKnownFileType = sourcecode.cpp.cpp; path = ExampleRun.cpp; sourceTree = "<group>"; };
		E20CC53C187C621B00AAA3DA /* ExampleRun.h */ = {isa = PBXFileReference; fileEncoding = 4; lastKnownFileType = sourcecode.c.h; path = ExampleRun.h; sourceTree = "<group>"; };
/* End PBXFileReference section */

/* Begin PBXFrameworksBuildPhase section */
		E20CC518187C445500AAA3DA /* Frameworks */ = {
			isa = PBXFrameworksBuildPhase;
			buildActionMask = 2147483647;
			files = (
			);
			runOnlyForDeploymentPostprocessing = 0;
		};
/* End PBXFrameworksBuildPhase section */

/* Begin PBXGroup section */
		E20CC512187C445500AAA3DA = {
			isa = PBXGroup;
			children = (
				E20CC51D187C445500AAA3DA /* NEATBox */,
				E20CC51C187C445500AAA3DA /* Products */,
			);
			sourceTree = "<group>";
		};
		E20CC51C187C445500AAA3DA /* Products */ = {
			isa = PBXGroup;
			children = (
				E20CC51B187C445500AAA3DA /* NEATBox.dylib */,
			);
			name = Products;
			sourceTree = "<group>";
		};
		E20CC51D187C445500AAA3DA /* NEATBox */ = {
			isa = PBXGroup;
			children = (
				E20CC530187C453E00AAA3DA /* NEATTypes.h */,
				E20CC532187C531300AAA3DA /* Example Classes */,
				E20CC52B187C446800AAA3DA /* Base Algorithm */,
				E20CC520187C445500AAA3DA /* NEATBoxProj.xcconfig */,
				E20CC521187C445500AAA3DA /* NEATBoxTarget.xcconfig */,
				E20CC51E187C445500AAA3DA /* Supporting Files */,
			);
			path = NEATBox;
			sourceTree = "<group>";
		};
		E20CC51E187C445500AAA3DA /* Supporting Files */ = {
			isa = PBXGroup;
			children = (
				E20CC51F187C445500AAA3DA /* NEATBox-Prefix.pch */,
			);
			name = "Supporting Files";
			sourceTree = "<group>";
		};
		E20CC52B187C446800AAA3DA /* Base Algorithm */ = {
			isa = PBXGroup;
			children = (
				E20CC52D187C447E00AAA3DA /* NEATAlgorithm.h */,
				E20CC52C187C447E00AAA3DA /* NEATAlgorithm.cpp */,
			);
			name = "Base Algorithm";
			sourceTree = "<group>";
		};
		E20CC532187C531300AAA3DA /* Example Classes */ = {
			isa = PBXGroup;
			children = (
				E20CC534187C544100AAA3DA /* ExampleNetwork.h */,
				E20CC533187C544100AAA3DA /* ExampleNetwork.cpp */,
				E20CC538187C612C00AAA3DA /* ExampleGoals.h */,
				E20CC537187C612C00AAA3DA /* ExampleGoals.cpp */,
				E20CC53C187C621B00AAA3DA /* ExampleRun.h */,
				E20CC53B187C621B00AAA3DA /* ExampleRun.cpp */,
			);
			name = "Example Classes";
			sourceTree = "<group>";
		};
/* End PBXGroup section */

/* Begin PBXHeadersBuildPhase section */
		E20CC519187C445500AAA3DA /* Headers */ = {
			isa = PBXHeadersBuildPhase;
			buildActionMask = 2147483647;
			files = (
				E20CC536187C544100AAA3DA /* ExampleNetwork.h in Headers */,
				E20CC53A187C612C00AAA3DA /* ExampleGoals.h in Headers */,
				E20CC52F187C447E00AAA3DA /* NEATAlgorithm.h in Headers */,
				E20CC53E187C621B00AAA3DA /* ExampleRun.h in Headers */,
			);
			runOnlyForDeploymentPostprocessing = 0;
		};
/* End PBXHeadersBuildPhase section */

/* Begin PBXNativeTarget section */
		E20CC51A187C445500AAA3DA /* NEATBox */ = {
			isa = PBXNativeTarget;
			buildConfigurationList = E20CC528187C445600AAA3DA /* Build configuration list for PBXNativeTarget "NEATBox" */;
			buildPhases = (
				E20CC517187C445500AAA3DA /* Sources */,
				E20CC518187C445500AAA3DA /* Frameworks */,
				E20CC519187C445500AAA3DA /* Headers */,
			);
			buildRules = (
			);
			dependencies = (
			);
			name = NEATBox;
			productName = NEATBox;
			productReference = E20CC51B187C445500AAA3DA /* NEATBox.dylib */;
			productType = "com.apple.product-type.library.dynamic";
		};
/* End PBXNativeTarget section */

/* Begin PBXProject section */
		E20CC513187C445500AAA3DA /* Project object */ = {
			isa = PBXProject;
			attributes = {
				LastUpgradeCheck = 0500;
				ORGANIZATIONNAME = "Adeola Bannis";
			};
			buildConfigurationList = E20CC516187C445500AAA3DA /* Build configuration list for PBXProject "NEATBox" */;
			compatibilityVersion = "Xcode 3.2";
			developmentRegion = English;
			hasScannedForEncodings = 0;
			knownRegions = (
				en,
			);
			mainGroup = E20CC512187C445500AAA3DA;
			productRefGroup = E20CC51C187C445500AAA3DA /* Products */;
			projectDirPath = "";
			projectRoot = "";
			targets = (
				E20CC51A187C445500AAA3DA /* NEATBox */,
			);
		};
/* End PBXProject section */

/* Begin PBXSourcesBuildPhase section */
		E20CC517187C445500AAA3DA /* Sources */ = {
			isa = PBXSourcesBuildPhase;
			buildActionMask = 2147483647;
			files = (
				E20CC52E187C447E00AAA3DA /* NEATAlgorithm.cpp in Sources */,
				E20CC535187C544100AAA3DA /* ExampleNetwork.cpp in Sources */,
				E20CC53D187C621B00AAA3DA /* ExampleRun.cpp in Sources */,
				E20CC539187C612C00AAA3DA /* ExampleGoals.cpp in Sources */,
			);
			runOnlyForDeploymentPostprocessing = 0;
		};
/* End PBXSourcesBuildPhase section */

/* Begin XCBuildConfiguration section */
		E20CC526187C445600AAA3DA /* Debug */ = {
			isa = XCBuildConfiguration;
			buildSettings = {
				ALWAYS_SEARCH_USER_PATHS = NO;
				CLANG_CXX_LANGUAGE_STANDARD = "gnu++0x";
				CLANG_CXX_LIBRARY = "libc++";
				CLANG_ENABLE_OBJC_ARC = YES;
				CLANG_WARN_BOOL_CONVERSION = YES;
				CLANG_WARN_CONSTANT_CONVERSION = YES;
				CLANG_WARN_DIRECT_OBJC_ISA_USAGE = YES_ERROR;
				CLANG_WARN_EMPTY_BODY = YES;
				CLANG_WARN_ENUM_CONVERSION = YES;
				CLANG_WARN_INT_CONVERSION = YES;
				CLANG_WARN_OBJC_ROOT_CLASS = YES_ERROR;
				CLANG_WARN__DUPLICATE_METHOD_MATCH = YES;
				COPY_PHASE_STRIP = NO;
				GCC_C_LANGUAGE_STANDARD = gnu99;
				GCC_DYNAMIC_NO_PIC = NO;
				GCC_ENABLE_OBJC_EXCEPTIONS = YES;
				GCC_OPTIMIZATION_LEVEL = 0;
				GCC_PREPROCESSOR_DEFINITIONS = (
					"DEBUG=1",
					"$(inherited)",
				);
				GCC_SYMBOLS_PRIVATE_EXTERN = NO;
				GCC_WARN_64_TO_32_BIT_CONVERSION = YES;
				GCC_WARN_ABOUT_RETURN_TYPE = YES_ERROR;
				GCC_WARN_UNDECLARED_SELECTOR = YES;
				GCC_WARN_UNINITIALIZED_AUTOS = YES;
				GCC_WARN_UNUSED_FUNCTION = YES;
				GCC_WARN_UNUSED_VARIABLE = YES;
				MACOSX_DEPLOYMENT_TARGET = 10.9;
				ONLY_ACTIVE_ARCH = YES;
				SDKROOT = macosx;
			};
			name = Debug;
		};
		E20CC527187C445600AAA3DA /* Release */ = {
			isa = XCBuildConfiguration;
			buildSettings = {
				ALWAYS_SEARCH_USER_PATHS = NO;
				CLANG_CXX_LANGUAGE_STANDARD = "gnu++0x";
				CLANG_CXX_LIBRARY = "libc++";
				CLANG_ENABLE_OBJC_ARC = YES;
				CLANG_WARN_BOOL_CONVERSION = YES;
				CLANG_WARN_CONSTANT_CONVERSION = YES;
				CLANG_WARN_DIRECT_OBJC_ISA_USAGE = YES_ERROR;
				CLANG_WARN_EMPTY_BODY = YES;
				CLANG_WARN_ENUM_CONVERSION = YES;
				CLANG_WARN_INT_CONVERSION = YES;
				CLANG_WARN_OBJC_ROOT_CLASS = YES_ERROR;
				CLANG_WARN__DUPLICATE_METHOD_MATCH = YES;
				COPY_PHASE_STRIP = YES;
				DEBUG_INFORMATION_FORMAT = "dwarf-with-dsym";
				ENABLE_NS_ASSERTIONS = NO;
				GCC_C_LANGUAGE_STANDARD = gnu99;
				GCC_ENABLE_OBJC_EXCEPTIONS = YES;
				GCC_WARN_64_TO_32_BIT_CONVERSION = YES;
				GCC_WARN_ABOUT_RETURN_TYPE = YES_ERROR;
				GCC_WARN_UNDECLARED_SELECTOR = YES;
				GCC_WARN_UNINITIALIZED_AUTOS = YES;
				GCC_WARN_UNUSED_FUNCTION = YES;
				GCC_WARN_UNUSED_VARIABLE = YES;
				MACOSX_DEPLOYMENT_TARGET = 10.9;
				SDKROOT = macosx;
			};
			name = Release;
		};
		E20CC529187C445600AAA3DA /* Debug */ = {
			isa = XCBuildConfiguration;
			buildSettings = {
				PRODUCT_NAME = "$(TARGET_NAME)";
			};
			name = Debug;
		};
		E20CC52A187C445600AAA3DA /* Release */ = {
			isa = XCBuildConfiguration;
			buildSettings = {
				PRODUCT_NAME = "$(TARGET_NAME)";
			};
			name = Release;
		};
/* End XCBuildConfiguration section */

/* Begin XCConfigurationList section */
		E20CC516187C445500AAA3DA /* Build configuration list for PBXProject "NEATBox" */ = {
			isa = XCConfigurationList;
			buildConfigurations = (
				E20CC526187C445600AAA3DA /* Debug */,
				E20CC527187C445600AAA3DA /* Release */,
			);
			defaultConfigurationIsVisible = 0;
			defaultConfigurationName = Release;
		};
		E20CC528187C445600AAA3DA /* Build configuration list for PBXNativeTarget "NEATBox" */ = {
			isa = XCConfigurationList;
			buildConfigurations = (
				E20CC529187C445600AAA3DA /* Debug */,
				E20CC52A187C445600AAA3DA /* Release */,
			);
			defaultConfigurationIsVisible = 0;
			defaultConfigurationName = Release;
		};
/* End XCConfigurationList section */
	};
	rootObject = E20CC513187C445500AAA3DA /* Project object */;
}
